// !$*UTF8*$!
{
	archiveVersion = 1;
	classes = {
	};
	objectVersion = 56;
	objects = {

/* Begin PBXBuildFile section */
		1E21289E29FB0B1900ABE218 /* Serving.swift in Sources */ = {isa = PBXBuildFile; fileRef = 1E21289D29FB0B1900ABE218 /* Serving.swift */; };
		1E2128A029FB15B700ABE218 /* FileManager-DocumentsDirectory.swift in Sources */ = {isa = PBXBuildFile; fileRef = 1E21289F29FB15B700ABE218 /* FileManager-DocumentsDirectory.swift */; };
		1E2128A229FB160F00ABE218 /* History.swift in Sources */ = {isa = PBXBuildFile; fileRef = 1E2128A129FB160F00ABE218 /* History.swift */; };
		1E38A0A529F9D65600F45EFA /* MyDrinkApp.swift in Sources */ = {isa = PBXBuildFile; fileRef = 1E38A0A429F9D65600F45EFA /* MyDrinkApp.swift */; };
		1E38A0A729F9D65600F45EFA /* ContentView.swift in Sources */ = {isa = PBXBuildFile; fileRef = 1E38A0A629F9D65600F45EFA /* ContentView.swift */; };
		1E38A0A929F9D65700F45EFA /* Assets.xcassets in Resources */ = {isa = PBXBuildFile; fileRef = 1E38A0A829F9D65700F45EFA /* Assets.xcassets */; };
		1E38A0AC29F9D65700F45EFA /* Preview Assets.xcassets in Resources */ = {isa = PBXBuildFile; fileRef = 1E38A0AB29F9D65700F45EFA /* Preview Assets.xcassets */; };
		1E38A0B329F9DBCF00F45EFA /* Drink.swift in Sources */ = {isa = PBXBuildFile; fileRef = 1E38A0B229F9DBCF00F45EFA /* Drink.swift */; };
		1E38A0B529F9DBFB00F45EFA /* menu.json in Resources */ = {isa = PBXBuildFile; fileRef = 1E38A0B429F9DBFB00F45EFA /* menu.json */; };
		1E38A0B729F9DC3400F45EFA /* Menu.swift in Sources */ = {isa = PBXBuildFile; fileRef = 1E38A0B629F9DC3400F45EFA /* Menu.swift */; };
		1E38A0B929F9DC6400F45EFA /* MenuSection.swift in Sources */ = {isa = PBXBuildFile; fileRef = 1E38A0B829F9DC6400F45EFA /* MenuSection.swift */; };
		1E38A0BB29F9DC7B00F45EFA /* MenuView.swift in Sources */ = {isa = PBXBuildFile; fileRef = 1E38A0BA29F9DC7B00F45EFA /* MenuView.swift */; };
		1E38A0BD29F9DCB300F45EFA /* CustomizeView.swift in Sources */ = {isa = PBXBuildFile; fileRef = 1E38A0BC29F9DCB300F45EFA /* CustomizeView.swift */; };
		1E38A0BF29F9DCE400F45EFA /* ConfigurationOption.swift in Sources */ = {isa = PBXBuildFile; fileRef = 1E38A0BE29F9DCE400F45EFA /* ConfigurationOption.swift */; };
/* End PBXBuildFile section */

/* Begin PBXFileReference section */
		1E21289D29FB0B1900ABE218 /* Serving.swift */ = {isa = PBXFileReference; lastKnownFileType = sourcecode.swift; path = Serving.swift; sourceTree = "<group>"; };
		1E21289F29FB15B700ABE218 /* FileManager-DocumentsDirectory.swift */ = {isa = PBXFileReference; lastKnownFileType = sourcecode.swift; path = "FileManager-DocumentsDirectory.swift"; sourceTree = "<group>"; };
		1E2128A129FB160F00ABE218 /* History.swift */ = {isa = PBXFileReference; lastKnownFileType = sourcecode.swift; path = History.swift; sourceTree = "<group>"; };
		1E38A0A129F9D65600F45EFA /* MyDrink.app */ = {isa = PBXFileReference; explicitFileType = wrapper.application; includeInIndex = 0; path = MyDrink.app; sourceTree = BUILT_PRODUCTS_DIR; };
		1E38A0A429F9D65600F45EFA /* MyDrinkApp.swift */ = {isa = PBXFileReference; lastKnownFileType = sourcecode.swift; path = MyDrinkApp.swift; sourceTree = "<group>"; };
		1E38A0A629F9D65600F45EFA /* ContentView.swift */ = {isa = PBXFileReference; lastKnownFileType = sourcecode.swift; path = ContentView.swift; sourceTree = "<group>"; };
		1E38A0A829F9D65700F45EFA /* Assets.xcassets */ = {isa = PBXFileReference; lastKnownFileType = folder.assetcatalog; path = Assets.xcassets; sourceTree = "<group>"; };
		1E38A0AB29F9D65700F45EFA /* Preview Assets.xcassets */ = {isa = PBXFileReference; lastKnownFileType = folder.assetcatalog; path = "Preview Assets.xcassets"; sourceTree = "<group>"; };
		1E38A0B229F9DBCF00F45EFA /* Drink.swift */ = {isa = PBXFileReference; lastKnownFileType = sourcecode.swift; path = Drink.swift; sourceTree = "<group>"; };
		1E38A0B429F9DBFB00F45EFA /* menu.json */ = {isa = PBXFileReference; fileEncoding = 4; lastKnownFileType = text.json; path = menu.json; sourceTree = "<group>"; };
		1E38A0B629F9DC3400F45EFA /* Menu.swift */ = {isa = PBXFileReference; lastKnownFileType = sourcecode.swift; path = Menu.swift; sourceTree = "<group>"; };
		1E38A0B829F9DC6400F45EFA /* MenuSection.swift */ = {isa = PBXFileReference; lastKnownFileType = sourcecode.swift; path = MenuSection.swift; sourceTree = "<group>"; };
		1E38A0BA29F9DC7B00F45EFA /* MenuView.swift */ = {isa = PBXFileReference; lastKnownFileType = sourcecode.swift; path = MenuView.swift; sourceTree = "<group>"; };
		1E38A0BC29F9DCB300F45EFA /* CustomizeView.swift */ = {isa = PBXFileReference; lastKnownFileType = sourcecode.swift; path = CustomizeView.swift; sourceTree = "<group>"; };
		1E38A0BE29F9DCE400F45EFA /* ConfigurationOption.swift */ = {isa = PBXFileReference; lastKnownFileType = sourcecode.swift; path = ConfigurationOption.swift; sourceTree = "<group>"; };
/* End PBXFileReference section */

/* Begin PBXFrameworksBuildPhase section */
		1E38A09E29F9D65600F45EFA /* Frameworks */ = {
			isa = PBXFrameworksBuildPhase;
			buildActionMask = 2147483647;
			files = (
			);
			runOnlyForDeploymentPostprocessing = 0;
		};
/* End PBXFrameworksBuildPhase section */

/* Begin PBXGroup section */
		1E38A09829F9D65600F45EFA = {
			isa = PBXGroup;
			children = (
				1E38A0A329F9D65600F45EFA /* MyDrink */,
				1E38A0A229F9D65600F45EFA /* Products */,
			);
			sourceTree = "<group>";
		};
		1E38A0A229F9D65600F45EFA /* Products */ = {
			isa = PBXGroup;
			children = (
				1E38A0A129F9D65600F45EFA /* MyDrink.app */,
			);
			name = Products;
			sourceTree = "<group>";
		};
		1E38A0A329F9D65600F45EFA /* MyDrink */ = {
			isa = PBXGroup;
			children = (
				1E38A0A429F9D65600F45EFA /* MyDrinkApp.swift */,
				1E38A0A629F9D65600F45EFA /* ContentView.swift */,
				1E38A0BA29F9DC7B00F45EFA /* MenuView.swift */,
				1E38A0BC29F9DCB300F45EFA /* CustomizeView.swift */,
				1E38A0B629F9DC3400F45EFA /* Menu.swift */,
				1E38A0B829F9DC6400F45EFA /* MenuSection.swift */,
				1E38A0B229F9DBCF00F45EFA /* Drink.swift */,
				1E21289D29FB0B1900ABE218 /* Serving.swift */,
				1E21289F29FB15B700ABE218 /* FileManager-DocumentsDirectory.swift */,
				1E2128A129FB160F00ABE218 /* History.swift */,
				1E38A0BE29F9DCE400F45EFA /* ConfigurationOption.swift */,
				1E38A0B429F9DBFB00F45EFA /* menu.json */,
				1E38A0A829F9D65700F45EFA /* Assets.xcassets */,
				1E38A0AA29F9D65700F45EFA /* Preview Content */,
			);
			path = MyDrink;
			sourceTree = "<group>";
		};
		1E38A0AA29F9D65700F45EFA /* Preview Content */ = {
			isa = PBXGroup;
			children = (
				1E38A0AB29F9D65700F45EFA /* Preview Assets.xcassets */,
			);
			path = "Preview Content";
			sourceTree = "<group>";
		};
/* End PBXGroup section */

/* Begin PBXNativeTarget section */
		1E38A0A029F9D65600F45EFA /* MyDrink */ = {
			isa = PBXNativeTarget;
			buildConfigurationList = 1E38A0AF29F9D65700F45EFA /* Build configuration list for PBXNativeTarget "MyDrink" */;
			buildPhases = (
				1E38A09D29F9D65600F45EFA /* Sources */,
				1E38A09E29F9D65600F45EFA /* Frameworks */,
				1E38A09F29F9D65600F45EFA /* Resources */,
			);
			buildRules = (
			);
			dependencies = (
			);
			name = MyDrink;
			productName = MyDrink;
			productReference = 1E38A0A129F9D65600F45EFA /* MyDrink.app */;
			productType = "com.apple.product-type.application";
		};
/* End PBXNativeTarget section */

/* Begin PBXProject section */
		1E38A09929F9D65600F45EFA /* Project object */ = {
			isa = PBXProject;
			attributes = {
				BuildIndependentTargetsInParallel = 1;
				LastSwiftUpdateCheck = 1430;
				LastUpgradeCheck = 1430;
				TargetAttributes = {
					1E38A0A029F9D65600F45EFA = {
						CreatedOnToolsVersion = 14.3;
					};
				};
			};
			buildConfigurationList = 1E38A09C29F9D65600F45EFA /* Build configuration list for PBXProject "MyDrink" */;
			compatibilityVersion = "Xcode 14.0";
			developmentRegion = en;
			hasScannedForEncodings = 0;
			knownRegions = (
				en,
				Base,
			);
			mainGroup = 1E38A09829F9D65600F45EFA;
			productRefGroup = 1E38A0A229F9D65600F45EFA /* Products */;
			projectDirPath = "";
			projectRoot = "";
			targets = (
				1E38A0A029F9D65600F45EFA /* MyDrink */,
			);
		};
/* End PBXProject section */

/* Begin PBXResourcesBuildPhase section */
		1E38A09F29F9D65600F45EFA /* Resources */ = {
			isa = PBXResourcesBuildPhase;
			buildActionMask = 2147483647;
			files = (
				1E38A0B529F9DBFB00F45EFA /* menu.json in Resources */,
				1E38A0AC29F9D65700F45EFA /* Preview Assets.xcassets in Resources */,
				1E38A0A929F9D65700F45EFA /* Assets.xcassets in Resources */,
			);
			runOnlyForDeploymentPostprocessing = 0;
		};
/* End PBXResourcesBuildPhase section */

/* Begin PBXSourcesBuildPhase section */
		1E38A09D29F9D65600F45EFA /* Sources */ = {
			isa = PBXSourcesBuildPhase;
			buildActionMask = 2147483647;
			files = (
				1E38A0B929F9DC6400F45EFA /* MenuSection.swift in Sources */,
				1E38A0BB29F9DC7B00F45EFA /* MenuView.swift in Sources */,
				1E38A0A729F9D65600F45EFA /* ContentView.swift in Sources */,
				1E2128A229FB160F00ABE218 /* History.swift in Sources */,
				1E38A0B329F9DBCF00F45EFA /* Drink.swift in Sources */,
				1E38A0B729F9DC3400F45EFA /* Menu.swift in Sources */,
				1E38A0BF29F9DCE400F45EFA /* ConfigurationOption.swift in Sources */,
				1E2128A029FB15B700ABE218 /* FileManager-DocumentsDirectory.swift in Sources */,
				1E38A0BD29F9DCB300F45EFA /* CustomizeView.swift in Sources */,
				1E38A0A529F9D65600F45EFA /* MyDrinkApp.swift in Sources */,
				1E21289E29FB0B1900ABE218 /* Serving.swift in Sources */,
			);
			runOnlyForDeploymentPostprocessing = 0;
		};
/* End PBXSourcesBuildPhase section */

/* Begin XCBuildConfiguration section */
		1E38A0AD29F9D65700F45EFA /* Debug */ = {
			isa = XCBuildConfiguration;
			buildSettings = {
				ALWAYS_SEARCH_USER_PATHS = NO;
				CLANG_ANALYZER_NONNULL = YES;
				CLANG_ANALYZER_NUMBER_OBJECT_CONVERSION = YES_AGGRESSIVE;
				CLANG_CXX_LANGUAGE_STANDARD = "gnu++20";
				CLANG_ENABLE_MODULES = YES;
				CLANG_ENABLE_OBJC_ARC = YES;
				CLANG_ENABLE_OBJC_WEAK = YES;
				CLANG_WARN_BLOCK_CAPTURE_AUTORELEASING = YES;
				CLANG_WARN_BOOL_CONVERSION = YES;
				CLANG_WARN_COMMA = YES;
				CLANG_WARN_CONSTANT_CONVERSION = YES;
				CLANG_WARN_DEPRECATED_OBJC_IMPLEMENTATIONS = YES;
				CLANG_WARN_DIRECT_OBJC_ISA_USAGE = YES_ERROR;
				CLANG_WARN_DOCUMENTATION_COMMENTS = YES;
				CLANG_WARN_EMPTY_BODY = YES;
				CLANG_WARN_ENUM_CONVERSION = YES;
				CLANG_WARN_INFINITE_RECURSION = YES;
				CLANG_WARN_INT_CONVERSION = YES;
				CLANG_WARN_NON_LITERAL_NULL_CONVERSION = YES;
				CLANG_WARN_OBJC_IMPLICIT_RETAIN_SELF = YES;
				CLANG_WARN_OBJC_LITERAL_CONVERSION = YES;
				CLANG_WARN_OBJC_ROOT_CLASS = YES_ERROR;
				CLANG_WARN_QUOTED_INCLUDE_IN_FRAMEWORK_HEADER = YES;
				CLANG_WARN_RANGE_LOOP_ANALYSIS = YES;
				CLANG_WARN_STRICT_PROTOTYPES = YES;
				CLANG_WARN_SUSPICIOUS_MOVE = YES;
				CLANG_WARN_UNGUARDED_AVAILABILITY = YES_AGGRESSIVE;
				CLANG_WARN_UNREACHABLE_CODE = YES;
				CLANG_WARN__DUPLICATE_METHOD_MATCH = YES;
				COPY_PHASE_STRIP = NO;
				DEBUG_INFORMATION_FORMAT = dwarf;
				ENABLE_STRICT_OBJC_MSGSEND = YES;
				ENABLE_TESTABILITY = YES;
				GCC_C_LANGUAGE_STANDARD = gnu11;
				GCC_DYNAMIC_NO_PIC = NO;
				GCC_NO_COMMON_BLOCKS = YES;
				GCC_OPTIMIZATION_LEVEL = 0;
				GCC_PREPROCESSOR_DEFINITIONS = (
					"DEBUG=1",
					"$(inherited)",
				);
				GCC_WARN_64_TO_32_BIT_CONVERSION = YES;
				GCC_WARN_ABOUT_RETURN_TYPE = YES_ERROR;
				GCC_WARN_UNDECLARED_SELECTOR = YES;
				GCC_WARN_UNINITIALIZED_AUTOS = YES_AGGRESSIVE;
				GCC_WARN_UNUSED_FUNCTION = YES;
				GCC_WARN_UNUSED_VARIABLE = YES;
				IPHONEOS_DEPLOYMENT_TARGET = 16.4;
				MTL_ENABLE_DEBUG_INFO = INCLUDE_SOURCE;
				MTL_FAST_MATH = YES;
				ONLY_ACTIVE_ARCH = YES;
				SDKROOT = iphoneos;
				SWIFT_ACTIVE_COMPILATION_CONDITIONS = DEBUG;
				SWIFT_OPTIMIZATION_LEVEL = "-Onone";
			};
			name = Debug;
		};
		1E38A0AE29F9D65700F45EFA /* Release */ = {
			isa = XCBuildConfiguration;
			buildSettings = {
				ALWAYS_SEARCH_USER_PATHS = NO;
				CLANG_ANALYZER_NONNULL = YES;
				CLANG_ANALYZER_NUMBER_OBJECT_CONVERSION = YES_AGGRESSIVE;
				CLANG_CXX_LANGUAGE_STANDARD = "gnu++20";
				CLANG_ENABLE_MODULES = YES;
				CLANG_ENABLE_OBJC_ARC = YES;
				CLANG_ENABLE_OBJC_WEAK = YES;
				CLANG_WARN_BLOCK_CAPTURE_AUTORELEASING = YES;
				CLANG_WARN_BOOL_CONVERSION = YES;
				CLANG_WARN_COMMA = YES;
				CLANG_WARN_CONSTANT_CONVERSION = YES;
				CLANG_WARN_DEPRECATED_OBJC_IMPLEMENTATIONS = YES;
				CLANG_WARN_DIRECT_OBJC_ISA_USAGE = YES_ERROR;
				CLANG_WARN_DOCUMENTATION_COMMENTS = YES;
				CLANG_WARN_EMPTY_BODY = YES;
				CLANG_WARN_ENUM_CONVERSION = YES;
				CLANG_WARN_INFINITE_RECURSION = YES;
				CLANG_WARN_INT_CONVERSION = YES;
				CLANG_WARN_NON_LITERAL_NULL_CONVERSION = YES;
				CLANG_WARN_OBJC_IMPLICIT_RETAIN_SELF = YES;
				CLANG_WARN_OBJC_LITERAL_CONVERSION = YES;
				CLANG_WARN_OBJC_ROOT_CLASS = YES_ERROR;
				CLANG_WARN_QUOTED_INCLUDE_IN_FRAMEWORK_HEADER = YES;
				CLANG_WARN_RANGE_LOOP_ANALYSIS = YES;
				CLANG_WARN_STRICT_PROTOTYPES = YES;
				CLANG_WARN_SUSPICIOUS_MOVE = YES;
				CLANG_WARN_UNGUARDED_AVAILABILITY = YES_AGGRESSIVE;
				CLANG_WARN_UNREACHABLE_CODE = YES;
				CLANG_WARN__DUPLICATE_METHOD_MATCH = YES;
				COPY_PHASE_STRIP = NO;
				DEBUG_INFORMATION_FORMAT = "dwarf-with-dsym";
				ENABLE_NS_ASSERTIONS = NO;
				ENABLE_STRICT_OBJC_MSGSEND = YES;
				GCC_C_LANGUAGE_STANDARD = gnu11;
				GCC_NO_COMMON_BLOCKS = YES;
				GCC_WARN_64_TO_32_BIT_CONVERSION = YES;
				GCC_WARN_ABOUT_RETURN_TYPE = YES_ERROR;
				GCC_WARN_UNDECLARED_SELECTOR = YES;
				GCC_WARN_UNINITIALIZED_AUTOS = YES_AGGRESSIVE;
				GCC_WARN_UNUSED_FUNCTION = YES;
				GCC_WARN_UNUSED_VARIABLE = YES;
				IPHONEOS_DEPLOYMENT_TARGET = 16.4;
				MTL_ENABLE_DEBUG_INFO = NO;
				MTL_FAST_MATH = YES;
				SDKROOT = iphoneos;
				SWIFT_COMPILATION_MODE = wholemodule;
				SWIFT_OPTIMIZATION_LEVEL = "-O";
				VALIDATE_PRODUCT = YES;
			};
			name = Release;
		};
		1E38A0B029F9D65700F45EFA /* Debug */ = {
			isa = XCBuildConfiguration;
			buildSettings = {
				ASSETCATALOG_COMPILER_APPICON_NAME = AppIcon;
				ASSETCATALOG_COMPILER_GLOBAL_ACCENT_COLOR_NAME = AccentColor;
				CODE_SIGN_STYLE = Automatic;
				CURRENT_PROJECT_VERSION = 1;
				DEVELOPMENT_ASSET_PATHS = "\"MyDrink/Preview Content\"";
				DEVELOPMENT_TEAM = WGY6M7QSD4;
				ENABLE_PREVIEWS = YES;
				GENERATE_INFOPLIST_FILE = YES;
				INFOPLIST_KEY_UIApplicationSceneManifest_Generation = YES;
				INFOPLIST_KEY_UIApplicationSupportsIndirectInputEvents = YES;
				INFOPLIST_KEY_UILaunchScreen_Generation = YES;
				INFOPLIST_KEY_UISupportedInterfaceOrientations_iPad = "UIInterfaceOrientationPortrait UIInterfaceOrientationPortraitUpsideDown UIInterfaceOrientationLandscapeLeft UIInterfaceOrientationLandscapeRight";
				INFOPLIST_KEY_UISupportedInterfaceOrientations_iPhone = "UIInterfaceOrientationPortrait UIInterfaceOrientationLandscapeLeft UIInterfaceOrientationLandscapeRight";
				LD_RUNPATH_SEARCH_PATHS = (
					"$(inherited)",
					"@executable_path/Frameworks",
				);
				MARKETING_VERSION = 1.0;
				PRODUCT_BUNDLE_IDENTIFIER = com.dylanattempts.MyDrink;
				PRODUCT_NAME = "$(TARGET_NAME)";
				SWIFT_EMIT_LOC_STRINGS = YES;
				SWIFT_VERSION = 5.0;
				TARGETED_DEVICE_FAMILY = "1,2";
			};
			name = Debug;
		};
		1E38A0B129F9D65700F45EFA /* Release */ = {
			isa = XCBuildConfiguration;
			buildSettings = {
				ASSETCATALOG_COMPILER_APPICON_NAME = AppIcon;
				ASSETCATALOG_COMPILER_GLOBAL_ACCENT_COLOR_NAME = AccentColor;
				CODE_SIGN_STYLE = Automatic;
				CURRENT_PROJECT_VERSION = 1;
				DEVELOPMENT_ASSET_PATHS = "\"MyDrink/Preview Content\"";
				DEVELOPMENT_TEAM = WGY6M7QSD4;
				ENABLE_PREVIEWS = YES;
				GENERATE_INFOPLIST_FILE = YES;
				INFOPLIST_KEY_UIApplicationSceneManifest_Generation = YES;
				INFOPLIST_KEY_UIApplicationSupportsIndirectInputEvents = YES;
				INFOPLIST_KEY_UILaunchScreen_Generation = YES;
				INFOPLIST_KEY_UISupportedInterfaceOrientations_iPad = "UIInterfaceOrientationPortrait UIInterfaceOrientationPortraitUpsideDown UIInterfaceOrientationLandscapeLeft UIInterfaceOrientationLandscapeRight";
				INFOPLIST_KEY_UISupportedInterfaceOrientations_iPhone = "UIInterfaceOrientationPortrait UIInterfaceOrientationLandscapeLeft UIInterfaceOrientationLandscapeRight";
				LD_RUNPATH_SEARCH_PATHS = (
					"$(inherited)",
					"@executable_path/Frameworks",
				);
				MARKETING_VERSION = 1.0;
				PRODUCT_BUNDLE_IDENTIFIER = com.dylanattempts.MyDrink;
				PRODUCT_NAME = "$(TARGET_NAME)";
				SWIFT_EMIT_LOC_STRINGS = YES;
				SWIFT_VERSION = 5.0;
				TARGETED_DEVICE_FAMILY = "1,2";
			};
			name = Release;
		};
/* End XCBuildConfiguration section */

/* Begin XCConfigurationList section */
		1E38A09C29F9D65600F45EFA /* Build configuration list for PBXProject "MyDrink" */ = {
			isa = XCConfigurationList;
			buildConfigurations = (
				1E38A0AD29F9D65700F45EFA /* Debug */,
				1E38A0AE29F9D65700F45EFA /* Release */,
			);
			defaultConfigurationIsVisible = 0;
			defaultConfigurationName = Release;
		};
		1E38A0AF29F9D65700F45EFA /* Build configuration list for PBXNativeTarget "MyDrink" */ = {
			isa = XCConfigurationList;
			buildConfigurations = (
				1E38A0B029F9D65700F45EFA /* Debug */,
				1E38A0B129F9D65700F45EFA /* Release */,
			);
			defaultConfigurationIsVisible = 0;
			defaultConfigurationName = Release;
		};
/* End XCConfigurationList section */
	};
	rootObject = 1E38A09929F9D65600F45EFA /* Project object */;
}
